{
  "name": "algebrite",
  "version": "1.3.1",
  "lockfileVersion": 1,
  "requires": true,
  "dependencies": {
    "big-integer": {
      "version": "1.6.42",
      "resolved": "https://registry.npmjs.org/big-integer/-/big-integer-1.6.42.tgz",
      "integrity": "sha512-3UQFKcRMx+5Z+IK5vYTMYK2jzLRJkt+XqyDdacgWgtMjjuifKpKTFneJLEgeBElOE2/lXZ1LcMcb5s8pwG2U8Q=="
    }
  }
}
