{
  "name": "algebrite",
  "version": "1.4.0",
  "lockfileVersion": 2,
  "requires": true,
  "packages": {
    "": {
      "name": "algebrite",
      "version": "1.4.0",
      "license": "MIT",
      "dependencies": {
        "big-integer": "^1.6.32"
      }
    },
    "node_modules/big-integer": {
      "version": "1.6.42",
      "resolved": "https://registry.npmjs.org/big-integer/-/big-integer-1.6.42.tgz",
      "integrity": "sha512-3UQFKcRMx+5Z+IK5vYTMYK2jzLRJkt+XqyDdacgWgtMjjuifKpKTFneJLEgeBElOE2/lXZ1LcMcb5s8pwG2U8Q==",
      "engines": {
        "node": ">=0.6"
      }
    }
  },
  "dependencies": {
    "big-integer": {
      "version": "1.6.42",
      "resolved": "https://registry.npmjs.org/big-integer/-/big-integer-1.6.42.tgz",
      "integrity": "sha512-3UQFKcRMx+5Z+IK5vYTMYK2jzLRJkt+XqyDdacgWgtMjjuifKpKTFneJLEgeBElOE2/lXZ1LcMcb5s8pwG2U8Q=="
    }
  }
}
